
Microsoft Visual Studio Solution File, Format Version 12.00
# Visual Studio Version 17
VisualStudioVersion = 17.5.33627.172
MinimumVisualStudioVersion = 10.0.40219.1
Project("{F184B08F-C81C-45F6-A57F-5ABD9991F28F}") = "VBJSCheckout", "VBJSCheckout.vbproj", "{0E2ADED7-1568-4B7C-AEE4-ABA37AC32785}"
EndProject
Global
	GlobalSection(SolutionConfigurationPlatforms) = preSolution
		Debug|Any CPU = Debug|Any CPU
		Release|Any CPU = Release|Any CPU
	EndGlobalSection
	GlobalSection(ProjectConfigurationPlatforms) = postSolution
		{0E2ADED7-1568-4B7C-AEE4-ABA37AC32785}.Debug|Any CPU.ActiveCfg = Debug|Any CPU
		{0E2ADED7-1568-4B7C-AEE4-ABA37AC32785}.Debug|Any CPU.Build.0 = Debug|Any CPU
		{0E2ADED7-1568-4B7C-AEE4-ABA37AC32785}.Release|Any CPU.ActiveCfg = Release|Any CPU
		{0E2ADED7-1568-4B7C-AEE4-ABA37AC32785}.Release|Any CPU.Build.0 = Release|Any CPU
	EndGlobalSection
	GlobalSection(SolutionProperties) = preSolution
		HideSolutionNode = FALSE
	EndGlobalSection
	GlobalSection(ExtensibilityGlobals) = postSolution
		SolutionGuid = {ABE28C28-96EB-4148-99C8-470B179A0D6F}
	EndGlobalSection
EndGlobal
